
Microsoft Visual Studio Solution File, Format Version 12.00
# Visual Studio Version 17
VisualStudioVersion = 17.10.35013.160
MinimumVisualStudioVersion = 10.0.40219.1
Project("{FAE04EC0-301F-11D3-BF4B-00C04F79EFBC}") = "DishManagerLibrary", "DishManager\DishManagerLibrary.csproj", "{A91CBB20-3161-455C-9184-FCA3BFA4B60A}"
EndProject
Project("{FAE04EC0-301F-11D3-BF4B-00C04F79EFBC}") = "DishManagerWinForms", "DishManagerWinForms\DishManagerWinForms.csproj", "{D7A61817-B5E1-4485-8E7F-1334AF39EEE8}"
EndProject
Global
	GlobalSection(SolutionConfigurationPlatforms) = preSolution
		Debug|Any CPU = Debug|Any CPU
		Release|Any CPU = Release|Any CPU
	EndGlobalSection
	GlobalSection(ProjectConfigurationPlatforms) = postSolution
		{A91CBB20-3161-455C-9184-FCA3BFA4B60A}.Debug|Any CPU.ActiveCfg = Debug|Any CPU
		{A91CBB20-3161-455C-9184-FCA3BFA4B60A}.Debug|Any CPU.Build.0 = Debug|Any CPU
		{A91CBB20-3161-455C-9184-FCA3BFA4B60A}.Release|Any CPU.ActiveCfg = Release|Any CPU
		{A91CBB20-3161-455C-9184-FCA3BFA4B60A}.Release|Any CPU.Build.0 = Release|Any CPU
		{D7A61817-B5E1-4485-8E7F-1334AF39EEE8}.Debug|Any CPU.ActiveCfg = Debug|Any CPU
		{D7A61817-B5E1-4485-8E7F-1334AF39EEE8}.Debug|Any CPU.Build.0 = Debug|Any CPU
		{D7A61817-B5E1-4485-8E7F-1334AF39EEE8}.Release|Any CPU.ActiveCfg = Release|Any CPU
		{D7A61817-B5E1-4485-8E7F-1334AF39EEE8}.Release|Any CPU.Build.0 = Release|Any CPU
	EndGlobalSection
	GlobalSection(SolutionProperties) = preSolution
		HideSolutionNode = FALSE
	EndGlobalSection
	GlobalSection(ExtensibilityGlobals) = postSolution
		SolutionGuid = {4F13A9B6-B81F-4B24-8147-77635C983844}
	EndGlobalSection
EndGlobal
